
Microsoft Visual Studio Solution File, Format Version 12.00
# Visual Studio Version 17
VisualStudioVersion = 17.10.35027.167
MinimumVisualStudioVersion = 10.0.40219.1
Project("{9A19103F-16F7-4668-BE54-9A1E7A4F7556}") = "TrabajosPracticos", "TrabajosPracticos.csproj", "{FB17A516-17DE-41AE-8DA0-2B161AF55A97}"
EndProject
Project("{9A19103F-16F7-4668-BE54-9A1E7A4F7556}") = "TrabajoPracticoClasesMOD3", "..\TrabajoPracticoClases\TrabajoPracticoClasesMOD3.csproj", "{C4BC79DE-243D-4835-9C8A-4A45044ECAB4}"
EndProject
Global
	GlobalSection(SolutionConfigurationPlatforms) = preSolution
		Debug|Any CPU = Debug|Any CPU
		Release|Any CPU = Release|Any CPU
	EndGlobalSection
	GlobalSection(ProjectConfigurationPlatforms) = postSolution
		{FB17A516-17DE-41AE-8DA0-2B161AF55A97}.Debug|Any CPU.ActiveCfg = Debug|Any CPU
		{FB17A516-17DE-41AE-8DA0-2B161AF55A97}.Debug|Any CPU.Build.0 = Debug|Any CPU
		{FB17A516-17DE-41AE-8DA0-2B161AF55A97}.Release|Any CPU.ActiveCfg = Release|Any CPU
		{FB17A516-17DE-41AE-8DA0-2B161AF55A97}.Release|Any CPU.Build.0 = Release|Any CPU
		{C4BC79DE-243D-4835-9C8A-4A45044ECAB4}.Debug|Any CPU.ActiveCfg = Debug|Any CPU
		{C4BC79DE-243D-4835-9C8A-4A45044ECAB4}.Debug|Any CPU.Build.0 = Debug|Any CPU
		{C4BC79DE-243D-4835-9C8A-4A45044ECAB4}.Release|Any CPU.ActiveCfg = Release|Any CPU
		{C4BC79DE-243D-4835-9C8A-4A45044ECAB4}.Release|Any CPU.Build.0 = Release|Any CPU
	EndGlobalSection
	GlobalSection(SolutionProperties) = preSolution
		HideSolutionNode = FALSE
	EndGlobalSection
	GlobalSection(ExtensibilityGlobals) = postSolution
		SolutionGuid = {4DFF8DA4-C836-4EAC-B6C6-FFC48AE204C2}
	EndGlobalSection
EndGlobal
